[[package]]
name = "boto3"
version = "1.15.11"
description = "The AWS SDK for Python"
category = "main"
optional = false
python-versions = "*"

[package.dependencies]
botocore = ">=1.18.11,<1.19.0"
jmespath = ">=0.7.1,<1.0.0"
s3transfer = ">=0.3.0,<0.4.0"

[[package]]
name = "botocore"
version = "1.18.18"
description = "Low-level, data-driven core of boto 3."
category = "main"
optional = false
python-versions = "*"

[package.dependencies]
jmespath = ">=0.7.1,<1.0.0"
python-dateutil = ">=2.1,<3.0.0"
urllib3 = {version = ">=1.20,<1.26", markers = "python_version != \"3.4\""}

[[package]]
name = "certifi"
version = "2022.9.24"
description = "Python package for providing Mozilla's CA Bundle."
category = "main"
optional = false
python-versions = ">=3.6"

[[package]]
name = "chardet"
version = "3.0.4"
description = "Universal encoding detector for Python 2 and 3"
category = "main"
optional = false
python-versions = "*"

[[package]]
name = "docopt"
version = "0.6.2"
description = "Pythonic argument parser, that will make you smile"
category = "main"
optional = false
python-versions = "*"

[[package]]
name = "idna"
version = "2.10"
description = "Internationalized Domain Names in Applications (IDNA)"
category = "main"
optional = false
python-versions = ">=2.7, !=3.0.*, !=3.1.*, !=3.2.*, !=3.3.*"

[[package]]
name = "iterfzf"
version = "0.5.0.20.0"
description = "Pythonic interface to fzf"
category = "main"
optional = false
python-versions = ">=2.7, !=3.0.*, !=3.1.*, !=3.2.*, !=3.3.*, !=3.4.*, <4"

[package.dependencies]
setuptools = "*"

[[package]]
name = "jmespath"
version = "0.10.0"
description = "JSON Matching Expressions"
category = "main"
optional = false
python-versions = ">=2.6, !=3.0.*, !=3.1.*, !=3.2.*"

[[package]]
name = "lark-parser"
version = "0.7.8"
description = "a modern parsing library"
category = "main"
optional = false
python-versions = "*"

[[package]]
name = "python-dateutil"
version = "2.8.2"
description = "Extensions to the standard Python datetime module"
category = "main"
optional = false
python-versions = "!=3.0.*,!=3.1.*,!=3.2.*,>=2.7"

[package.dependencies]
six = ">=1.5"

[[package]]
name = "python-gitlab"
version = "2.5.0"
description = "Interact with GitLab API"
category = "main"
optional = false
python-versions = ">=3.6.0"

[package.dependencies]
requests = ">=2.22.0"

[package.extras]
autocompletion = ["argcomplete (>=1.10.0,<2)"]
yaml = ["PyYaml (>=5.2)"]

[[package]]
name = "python-hcl2"
version = "0.2.5"
description = "A parser for HCL2"
category = "main"
optional = false
python-versions = ">=3.6.0"

[package.dependencies]
docopt = "0.6.2"
lark-parser = ">=0.7.8,<0.8.0"

[[package]]
name = "python-terraform"
version = "0.10.1"
description = "This is a python module provide a wrapper of terraform command line tool"
category = "main"
optional = false
python-versions = "*"

[[package]]
name = "requests"
version = "2.24.0"
description = "Python HTTP for Humans."
category = "main"
optional = false
python-versions = ">=2.7, !=3.0.*, !=3.1.*, !=3.2.*, !=3.3.*, !=3.4.*"

[package.dependencies]
certifi = ">=2017.4.17"
chardet = ">=3.0.2,<4"
idna = ">=2.5,<3"
urllib3 = ">=1.21.1,<1.25.0 || >1.25.0,<1.25.1 || >1.25.1,<1.26"

[package.extras]
security = ["cryptography (>=1.3.4)", "pyOpenSSL (>=0.14)"]
socks = ["PySocks (>=1.5.6,!=1.5.7)", "win-inet-pton"]

[[package]]
name = "ruamel-yaml"
version = "0.15.100"
description = "ruamel.yaml is a YAML parser/emitter that supports roundtrip preservation of comments, seq/map flow style, and map key order"
category = "main"
optional = false
python-versions = "*"

[package.extras]
docs = ["ryd"]
jinja2 = ["ruamel.yaml.jinja2 (>=0.2)"]

[[package]]
name = "s3transfer"
version = "0.3.7"
description = "An Amazon S3 Transfer Manager"
category = "main"
optional = false
python-versions = "*"

[package.dependencies]
botocore = ">=1.12.36,<2.0a.0"

[[package]]
name = "setuptools"
version = "65.5.0"
description = "Easily download, build, install, upgrade, and uninstall Python packages"
category = "main"
optional = false
python-versions = ">=3.7"

[package.extras]
docs = ["furo", "jaraco.packaging (>=9)", "jaraco.tidelift (>=1.4)", "pygments-github-lexers (==0.0.5)", "rst.linker (>=1.9)", "sphinx (>=3.5)", "sphinx-favicon", "sphinx-hoverxref (<2)", "sphinx-inline-tabs", "sphinx-notfound-page (==0.8.3)", "sphinx-reredirects", "sphinxcontrib-towncrier"]
testing = ["build[virtualenv]", "filelock (>=3.4.0)", "flake8 (<5)", "flake8-2020", "ini2toml[lite] (>=0.9)", "jaraco.envs (>=2.2)", "jaraco.path (>=3.2.0)", "mock", "pip (>=19.1)", "pip-run (>=8.8)", "pytest (>=6)", "pytest-black (>=0.3.7)", "pytest-checkdocs (>=2.4)", "pytest-cov", "pytest-enabler (>=1.3)", "pytest-flake8", "pytest-mypy (>=0.9.1)", "pytest-perf", "pytest-xdist", "tomli-w (>=1.0.0)", "virtualenv (>=13.0.0)", "wheel"]
testing-integration = ["build[virtualenv]", "filelock (>=3.4.0)", "jaraco.envs (>=2.2)", "jaraco.path (>=3.2.0)", "pytest", "pytest-enabler", "pytest-xdist", "tomli", "virtualenv (>=13.0.0)", "wheel"]

[[package]]
name = "six"
version = "1.16.0"
description = "Python 2 and 3 compatibility utilities"
category = "main"
optional = false
python-versions = ">=2.7, !=3.0.*, !=3.1.*, !=3.2.*"

[[package]]
name = "urllib3"
version = "1.25.11"
description = "HTTP library with thread-safe connection pooling, file post, and more."
category = "main"
optional = false
python-versions = ">=2.7, !=3.0.*, !=3.1.*, !=3.2.*, !=3.3.*, !=3.4.*, <4"

[package.extras]
brotli = ["brotlipy (>=0.6.0)"]
secure = ["certifi", "cryptography (>=1.3.4)", "idna (>=2.0.0)", "ipaddress", "pyOpenSSL (>=0.14)"]
socks = ["PySocks (>=1.5.6,!=1.5.7,<2.0)"]

[metadata]
lock-version = "1.1"
python-versions = "^3.8"
content-hash = "713e0766f32a3220e8fd6b028c843316af654116cc0cc5c38f0934dfcb6681a3"

[metadata.files]
boto3 = [
    {file = "boto3-1.15.11-py2.py3-none-any.whl", hash = "sha256:5f3969dd167b787e5bc6742afbfe15e149051d8c6aa1edaa4858133384f64ec7"},
    {file = "boto3-1.15.11.tar.gz", hash = "sha256:713da2b28e9e4cd77e922690c97935dd2316ab27635b6bab4745a2d42bd887ec"},
]
botocore = [
    {file = "botocore-1.18.18-py2.py3-none-any.whl", hash = "sha256:de5f9fc0c7e88ee7ba831fa27475be258ae09ece99143ed623d3618a3c84ee2c"},
    {file = "botocore-1.18.18.tar.gz", hash = "sha256:e224754230e7e015836ba20037cac6321e8e2ce9b8627c14d579fcb37249decd"},
]
certifi = [
    {file = "certifi-2022.9.24-py3-none-any.whl", hash = "sha256:90c1a32f1d68f940488354e36370f6cca89f0f106db09518524c88d6ed83f382"},
    {file = "certifi-2022.9.24.tar.gz", hash = "sha256:0d9c601124e5a6ba9712dbc60d9c53c21e34f5f641fe83002317394311bdce14"},
]
chardet = [
    {file = "chardet-3.0.4-py2.py3-none-any.whl", hash = "sha256:fc323ffcaeaed0e0a02bf4d117757b98aed530d9ed4531e3e15460124c106691"},
    {file = "chardet-3.0.4.tar.gz", hash = "sha256:84ab92ed1c4d4f16916e05906b6b75a6c0fb5db821cc65e70cbd64a3e2a5eaae"},
]
docopt = [
    {file = "docopt-0.6.2.tar.gz", hash = "sha256:49b3a825280bd66b3aa83585ef59c4a8c82f2c8a522dbe754a8bc8d08c85c491"},
]
idna = [
    {file = "idna-2.10-py2.py3-none-any.whl", hash = "sha256:b97d804b1e9b523befed77c48dacec60e6dcb0b5391d57af6a65a312a90648c0"},
    {file = "idna-2.10.tar.gz", hash = "sha256:b307872f855b18632ce0c21c5e45be78c0ea7ae4c15c828c20788b26921eb3f6"},
]
iterfzf = [
    {file = "iterfzf-0.5.0.20.0-py2.py3-none-macosx_10_10_i386.macosx_10_11_i386.macosx_10_12_i386.whl", hash = "sha256:eb6279465a8384c61c4a08867de65babca6584eabc620847ba7ce5b8afe59ae7"},
    {file = "iterfzf-0.5.0.20.0-py2.py3-none-macosx_10_10_intel.macosx_10_10_x86_64.macosx_10_11_intel.macosx_10_11_x86_64.macosx_10_12_intel.macosx_10_12_x86_64.whl", hash = "sha256:ebf54265e70154d166d6e56f9314a375ce8752937e6faf6f4fd72477472772f6"},
    {file = "iterfzf-0.5.0.20.0-py2.py3-none-manylinux1_i686.whl", hash = "sha256:5d19abc3e4ae31af575835e4ffa0215327864a5123d200682e9d68dc2166558d"},
    {file = "iterfzf-0.5.0.20.0-py2.py3-none-manylinux1_x86_64.whl", hash = "sha256:1461f482949d6b0441031722f101c44ac74e60cc3f5b04a9568b3da5aac8a7f2"},
    {file = "iterfzf-0.5.0.20.0-py2.py3-none-win32.whl", hash = "sha256:c95f3c9b96eb6c84db13cadb75d8d8c1d417670f87e23aeb363dbf4b777374fe"},
    {file = "iterfzf-0.5.0.20.0-py2.py3-none-win_amd64.whl", hash = "sha256:615d4b8aef12717774254c8b656cc8d0ff94b3651cd77359478d7d0646d69f6e"},
    {file = "iterfzf-0.5.0.20.0.tar.gz", hash = "sha256:2b6f04d87a7cba79d03c2bb83575bb4580f47502dc024a24fc5dc8c0cfbcc52f"},
]
jmespath = [
    {file = "jmespath-0.10.0-py2.py3-none-any.whl", hash = "sha256:cdf6525904cc597730141d61b36f2e4b8ecc257c420fa2f4549bac2c2d0cb72f"},
    {file = "jmespath-0.10.0.tar.gz", hash = "sha256:b85d0567b8666149a93172712e68920734333c0ce7e89b78b3e987f71e5ed4f9"},
]
lark-parser = [
    {file = "lark-parser-0.7.8.tar.gz", hash = "sha256:26215ebb157e6fb2ee74319aa4445b9f3b7e456e26be215ce19fdaaa901c20a4"},
]
python-dateutil = [
    {file = "python-dateutil-2.8.2.tar.gz", hash = "sha256:0123cacc1627ae19ddf3c27a5de5bd67ee4586fbdd6440d9748f8abb483d3e86"},
    {file = "python_dateutil-2.8.2-py2.py3-none-any.whl", hash = "sha256:961d03dc3453ebbc59dbdea9e4e11c5651520a876d0f4db161e8674aae935da9"},
]
python-gitlab = [
    {file = "python-gitlab-2.5.0.tar.gz", hash = "sha256:68b42aafd4b620ab2534ff78a52584c7f799e4e55d5ac297eab4263066e6f74b"},
    {file = "python_gitlab-2.5.0-py3-none-any.whl", hash = "sha256:61270e1f8ac24fe248f41834c840c6465d2e0b216493d3508d296a02960122c0"},
]
python-hcl2 = [
    {file = "python-hcl2-0.2.5.tar.gz", hash = "sha256:51a9c7e41929a440daf0e8b9a153e3afb7d0628b10c536a656ea95f87a5fe1f6"},
]
python-terraform = [
    {file = "python-terraform-0.10.1.tar.gz", hash = "sha256:0f4d1648c4fec61d5aa53142558ba3761c8f9ee7acce57505a1245d4dd85f5cf"},
]
requests = [
    {file = "requests-2.24.0-py2.py3-none-any.whl", hash = "sha256:fe75cc94a9443b9246fc7049224f75604b113c36acb93f87b80ed42c44cbb898"},
    {file = "requests-2.24.0.tar.gz", hash = "sha256:b3559a131db72c33ee969480840fff4bb6dd111de7dd27c8ee1f820f4f00231b"},
]
ruamel-yaml = [
    {file = "ruamel.yaml-0.15.100-cp27-cp27m-macosx_10_9_x86_64.whl", hash = "sha256:fc6471ef15b69e454cca82433ac5f84929d9f3e2d72b9e54b06850b6b7133cc0"},
    {file = "ruamel.yaml-0.15.100-cp27-cp27m-manylinux1_x86_64.whl", hash = "sha256:ab8eeca4de4decf0d0a42cb6949d354da9fc70a2d9201f0dd55186c599b2e3a5"},
    {file = "ruamel.yaml-0.15.100-cp27-cp27m-win32.whl", hash = "sha256:847177699994f9c31adf78d1ef1ff8f069ef0241e744a3ee8b30fbdaa914cc1e"},
    {file = "ruamel.yaml-0.15.100-cp27-cp27m-win_amd64.whl", hash = "sha256:92a8ca79f9173cca29ca9663b49d9c936aefc4c8a76f39318b0218c8f3626438"},
    {file = "ruamel.yaml-0.15.100-cp27-cp27mu-manylinux1_x86_64.whl", hash = "sha256:63dc8c6147a4cf77efadf2ae0f34e89e03de79289298bb941b7ae333d5d4020b"},
    {file = "ruamel.yaml-0.15.100-cp35-cp35m-macosx_10_6_intel.whl", hash = "sha256:ffc89770339191acbe5a15041950b5ad9daec7d659619b0ed9dad8c9c80c26f3"},
    {file = "ruamel.yaml-0.15.100-cp35-cp35m-manylinux1_x86_64.whl", hash = "sha256:7b750252e3d1ec5b53d03be508796c04a907060900c7d207280b7456650ebbfc"},
    {file = "ruamel.yaml-0.15.100-cp35-cp35m-win32.whl", hash = "sha256:44da2be1153e173f90ad8775d4ac4237a3c06cfbb9660c1c1980271621833faa"},
    {file = "ruamel.yaml-0.15.100-cp35-cp35m-win_amd64.whl", hash = "sha256:bd4b60b649f4a81086f70cd56eff4722018ef36a28094c396f1a53bf450bd579"},
    {file = "ruamel.yaml-0.15.100-cp36-cp36m-macosx_10_9_x86_64.whl", hash = "sha256:38718e69270141c403b5fc539f774ed394568f8a5195b507991f5b690356facb"},
    {file = "ruamel.yaml-0.15.100-cp36-cp36m-manylinux1_x86_64.whl", hash = "sha256:51d49c870aca850e652e2cd1c9bea9b52b77d13ad52b0556de496c1d264ea65f"},
    {file = "ruamel.yaml-0.15.100-cp36-cp36m-win32.whl", hash = "sha256:922d9e483c05d9000256640026f277fcc0c2e1e9271d05acada8e6cfb4c8b721"},
    {file = "ruamel.yaml-0.15.100-cp36-cp36m-win_amd64.whl", hash = "sha256:6b6025f9b6a557e15e9fdfda4d9af0b57cd8d59ff98e23a0097ab2d7c0540f07"},
    {file = "ruamel.yaml-0.15.100-cp37-cp37m-macosx_10_9_x86_64.whl", hash = "sha256:6672798c6b52a976a7b24e20665055852388c83198d88029d3c76e2197ac221a"},
    {file = "ruamel.yaml-0.15.100-cp37-cp37m-manylinux1_x86_64.whl", hash = "sha256:08aaaa74ff66565024ecabf9ba2db212712382a21c0458f9a91c623a1fa83b34"},
    {file = "ruamel.yaml-0.15.100-cp37-cp37m-win32.whl", hash = "sha256:23f2efb872d2ebe3d5428b4f1a8f30cbf59f56e780c4981c155411ee65572673"},
    {file = "ruamel.yaml-0.15.100-cp37-cp37m-win_amd64.whl", hash = "sha256:4b1674a936cdae9735578d4fd64bcbc6cfbb77a1a8f7037a50c6e3874ba4c9d8"},
    {file = "ruamel.yaml-0.15.100.tar.gz", hash = "sha256:8e42f3067a59e819935a2926e247170ed93c8f0b2ab64526f888e026854db2e4"},
]
s3transfer = [
    {file = "s3transfer-0.3.7-py2.py3-none-any.whl", hash = "sha256:efa5bd92a897b6a8d5c1383828dca3d52d0790e0756d49740563a3fb6ed03246"},
    {file = "s3transfer-0.3.7.tar.gz", hash = "sha256:35627b86af8ff97e7ac27975fe0a98a312814b46c6333d8a6b889627bcd80994"},
]
setuptools = [
    {file = "setuptools-65.5.0-py3-none-any.whl", hash = "sha256:f62ea9da9ed6289bfe868cd6845968a2c854d1427f8548d52cae02a42b4f0356"},
    {file = "setuptools-65.5.0.tar.gz", hash = "sha256:512e5536220e38146176efb833d4a62aa726b7bbff82cfbc8ba9eaa3996e0b17"},
]
six = [
    {file = "six-1.16.0-py2.py3-none-any.whl", hash = "sha256:8abb2f1d86890a2dfb989f9a77cfcfd3e47c2a354b01111771326f8aa26e0254"},
    {file = "six-1.16.0.tar.gz", hash = "sha256:1e61c37477a1626458e36f7b1d82aa5c9b094fa4802892072e49de9c60c4c926"},
]
urllib3 = [
    {file = "urllib3-1.25.11-py2.py3-none-any.whl", hash = "sha256:f5321fbe4bf3fefa0efd0bfe7fb14e90909eb62a48ccda331726b4319897dd5e"},
    {file = "urllib3-1.25.11.tar.gz", hash = "sha256:8d7eaa5a82a1cac232164990f04874c594c9453ec55eef02eab885aa02fc17a2"},
]
